// !$*UTF8*$!
{
	archiveVersion = 1;
	classes = {
	};
	objectVersion = 56;
	objects = {

/* Begin PBXBuildFile section */
		63108EAC2912A03100808888 /* ArticleView.swift in Sources */ = {isa = PBXBuildFile; fileRef = 63108EAB2912A03100808888 /* ArticleView.swift */; };
		63108EAE2912A04000808888 /* WardrobeView.swift in Sources */ = {isa = PBXBuildFile; fileRef = 63108EAD2912A04000808888 /* WardrobeView.swift */; };
		63108EB02912A04F00808888 /* OutfitsView.swift in Sources */ = {isa = PBXBuildFile; fileRef = 63108EAF2912A04F00808888 /* OutfitsView.swift */; };
		63108EB22912A06100808888 /* OutfitView.swift in Sources */ = {isa = PBXBuildFile; fileRef = 63108EB12912A06100808888 /* OutfitView.swift */; };
		63108EB42912A07400808888 /* ImageCaptureView.swift in Sources */ = {isa = PBXBuildFile; fileRef = 63108EB32912A07400808888 /* ImageCaptureView.swift */; };
		63108EBD2912A82500808888 /* ImaggaRouter.swift in Sources */ = {isa = PBXBuildFile; fileRef = 63108EBC2912A82500808888 /* ImaggaRouter.swift */; };
		6344FF05291B572300C75BE5 /* ImaggaCalls.swift in Sources */ = {isa = PBXBuildFile; fileRef = 6344FF04291B572300C75BE5 /* ImaggaCalls.swift */; };
		637C859B291B5E10001075B9 /* Alamofire in Frameworks */ = {isa = PBXBuildFile; productRef = 637C859A291B5E10001075B9 /* Alamofire */; };
		638038372912DFCA008F2157 /* CategoryName.swift in Sources */ = {isa = PBXBuildFile; fileRef = 638038362912DFCA008F2157 /* CategoryName.swift */; };
		6380383B2912FD59008F2157 /* SubcategoryName.swift in Sources */ = {isa = PBXBuildFile; fileRef = 6380383A2912FD58008F2157 /* SubcategoryName.swift */; };
		6380384B29133831008F2157 /* WardrobeCardView.swift in Sources */ = {isa = PBXBuildFile; fileRef = 6380384A29133831008F2157 /* WardrobeCardView.swift */; };
		6380384D2913436D008F2157 /* OutfitCardView.swift in Sources */ = {isa = PBXBuildFile; fileRef = 6380384C2913436D008F2157 /* OutfitCardView.swift */; };
		638AF4F429158060007EC47D /* ImagePicker.swift in Sources */ = {isa = PBXBuildFile; fileRef = 638AF4F329158060007EC47D /* ImagePicker.swift */; };
		638AF4F729158762007EC47D /* ActionSheet+Modifier.swift in Sources */ = {isa = PBXBuildFile; fileRef = 638AF4F629158762007EC47D /* ActionSheet+Modifier.swift */; };
		63A2700029141C8B0023F366 /* CameraService.swift in Sources */ = {isa = PBXBuildFile; fileRef = 63A26FFF29141C8B0023F366 /* CameraService.swift */; };
		63A2700229141D540023F366 /* CameraView.swift in Sources */ = {isa = PBXBuildFile; fileRef = 63A2700129141D540023F366 /* CameraView.swift */; };
		63A2700429141DC40023F366 /* CustomCameraView.swift in Sources */ = {isa = PBXBuildFile; fileRef = 63A2700329141DC40023F366 /* CustomCameraView.swift */; };
		63C8C87228F25954009D30B1 /* closet_color_idApp.swift in Sources */ = {isa = PBXBuildFile; fileRef = 63C8C87128F25954009D30B1 /* closet_color_idApp.swift */; };
		63C8C87428F25954009D30B1 /* ContentView.swift in Sources */ = {isa = PBXBuildFile; fileRef = 63C8C87328F25954009D30B1 /* ContentView.swift */; };
		63C8C87628F25958009D30B1 /* Assets.xcassets in Resources */ = {isa = PBXBuildFile; fileRef = 63C8C87528F25958009D30B1 /* Assets.xcassets */; };
		63C8C87928F25958009D30B1 /* Preview Assets.xcassets in Resources */ = {isa = PBXBuildFile; fileRef = 63C8C87828F25958009D30B1 /* Preview Assets.xcassets */; };
		C5155EC4291B19FF00282036 /* CustomTabBar.swift in Sources */ = {isa = PBXBuildFile; fileRef = C5155EC3291B19FF00282036 /* CustomTabBar.swift */; };
		E644808B291CA71000293BDE /* shirt 2.png in Resources */ = {isa = PBXBuildFile; fileRef = E6448088291CA71000293BDE /* shirt 2.png */; };
		E644808C291CA71000293BDE /* shirt 3.png in Resources */ = {isa = PBXBuildFile; fileRef = E6448089291CA71000293BDE /* shirt 3.png */; };
		E644808D291CA71000293BDE /* shirt.png in Resources */ = {isa = PBXBuildFile; fileRef = E644808A291CA71000293BDE /* shirt.png */; };
		E64B53B2291DBAC800A4799E /* PhotoColor.swift in Sources */ = {isa = PBXBuildFile; fileRef = E64B53B1291DBAC800A4799E /* PhotoColor.swift */; };
		E64D62DD29195D9F009A1FA7 /* pusheen.png in Resources */ = {isa = PBXBuildFile; fileRef = E64D62DC29195D9F009A1FA7 /* pusheen.png */; };
		E69827D42937B97400E9A748 /* closet_color_idTests.swift in Sources */ = {isa = PBXBuildFile; fileRef = E69827D32937B97400E9A748 /* closet_color_idTests.swift */; };
		E69827DF2937BAA400E9A748 /* ViewModelTests.swift in Sources */ = {isa = PBXBuildFile; fileRef = E69827DE2937BAA300E9A748 /* ViewModelTests.swift */; };
		E69827E129392BE300E9A748 /* TestCoreDataStack.swift in Sources */ = {isa = PBXBuildFile; fileRef = E69827E029392BE300E9A748 /* TestCoreDataStack.swift */; };
		E6A25C3B291B0B1A0080834B /* UnsavedArticleView.swift in Sources */ = {isa = PBXBuildFile; fileRef = E6A25C3A291B0B1A0080834B /* UnsavedArticleView.swift */; };
		E6A25C3D291B2EA20080834B /* StyleName.swift in Sources */ = {isa = PBXBuildFile; fileRef = E6A25C3C291B2EA10080834B /* StyleName.swift */; };
		E6A25C3F291B32AC0080834B /* TagCategoryView.swift in Sources */ = {isa = PBXBuildFile; fileRef = E6A25C3E291B32AC0080834B /* TagCategoryView.swift */; };
		E6A25C41291B33A30080834B /* TagSubcategoryView.swift in Sources */ = {isa = PBXBuildFile; fileRef = E6A25C40291B33A30080834B /* TagSubcategoryView.swift */; };
		E6A25C43291B34870080834B /* TagStyleView.swift in Sources */ = {isa = PBXBuildFile; fileRef = E6A25C42291B34870080834B /* TagStyleView.swift */; };
		E6A25C45291C90500080834B /* TheColorApiCalls.swift in Sources */ = {isa = PBXBuildFile; fileRef = E6A25C44291C90500080834B /* TheColorApiCalls.swift */; };
		E6B5ECF62918147A00AB7C39 /* ViewModel.swift in Sources */ = {isa = PBXBuildFile; fileRef = E6B5ECF52918147A00AB7C39 /* ViewModel.swift */; };
		E6C9A4682920490D0018D137 /* jeans.png in Resources */ = {isa = PBXBuildFile; fileRef = E6C9A4672920490D0018D137 /* jeans.png */; };
		E6C9A46A292049860018D137 /* converse.png in Resources */ = {isa = PBXBuildFile; fileRef = E6C9A469292049860018D137 /* converse.png */; };
		E6D7FFDD291322ED00BF24CA /* closet-color-id.xcdatamodeld in Sources */ = {isa = PBXBuildFile; fileRef = E6D7FFDB291322ED00BF24CA /* closet-color-id.xcdatamodeld */; };
		E6D7FFDF29132F2500BF24CA /* AppDelegate.swift in Sources */ = {isa = PBXBuildFile; fileRef = E6D7FFDE29132F2500BF24CA /* AppDelegate.swift */; };
		E6D7FFE12913304300BF24CA /* SceneDelegate.swift in Sources */ = {isa = PBXBuildFile; fileRef = E6D7FFE02913304300BF24CA /* SceneDelegate.swift */; };
		E6D7FFE7291411D000BF24CA /* AnyGestureRecognizer.swift in Sources */ = {isa = PBXBuildFile; fileRef = E6D7FFE6291411D000BF24CA /* AnyGestureRecognizer.swift */; };
		E6E854472919D6DD000A4805 /* Persistence.swift in Sources */ = {isa = PBXBuildFile; fileRef = E6E854462919D6DD000A4805 /* Persistence.swift */; };
		E6E8544C2919DF6B000A4805 /* DataPopulation.swift in Sources */ = {isa = PBXBuildFile; fileRef = E6E8544B2919DF6B000A4805 /* DataPopulation.swift */; };
/* End PBXBuildFile section */

/* Begin PBXContainerItemProxy section */
		E69827D52937B97400E9A748 /* PBXContainerItemProxy */ = {
			isa = PBXContainerItemProxy;
			containerPortal = 63C8C86628F25954009D30B1 /* Project object */;
			proxyType = 1;
			remoteGlobalIDString = 63C8C86D28F25954009D30B1;
			remoteInfo = "closet-color-id";
		};
/* End PBXContainerItemProxy section */

/* Begin PBXFileReference section */
		63108EAB2912A03100808888 /* ArticleView.swift */ = {isa = PBXFileReference; lastKnownFileType = sourcecode.swift; path = ArticleView.swift; sourceTree = "<group>"; };
		63108EAD2912A04000808888 /* WardrobeView.swift */ = {isa = PBXFileReference; lastKnownFileType = sourcecode.swift; path = WardrobeView.swift; sourceTree = "<group>"; };
		63108EAF2912A04F00808888 /* OutfitsView.swift */ = {isa = PBXFileReference; lastKnownFileType = sourcecode.swift; path = OutfitsView.swift; sourceTree = "<group>"; };
		63108EB12912A06100808888 /* OutfitView.swift */ = {isa = PBXFileReference; lastKnownFileType = sourcecode.swift; path = OutfitView.swift; sourceTree = "<group>"; };
		63108EB32912A07400808888 /* ImageCaptureView.swift */ = {isa = PBXFileReference; lastKnownFileType = sourcecode.swift; path = ImageCaptureView.swift; sourceTree = "<group>"; };
		63108EBC2912A82500808888 /* ImaggaRouter.swift */ = {isa = PBXFileReference; lastKnownFileType = sourcecode.swift; path = ImaggaRouter.swift; sourceTree = "<group>"; };
		6344FF04291B572300C75BE5 /* ImaggaCalls.swift */ = {isa = PBXFileReference; lastKnownFileType = sourcecode.swift; path = ImaggaCalls.swift; sourceTree = "<group>"; };
		638038362912DFCA008F2157 /* CategoryName.swift */ = {isa = PBXFileReference; lastKnownFileType = sourcecode.swift; path = CategoryName.swift; sourceTree = "<group>"; };
		6380383A2912FD58008F2157 /* SubcategoryName.swift */ = {isa = PBXFileReference; lastKnownFileType = sourcecode.swift; path = SubcategoryName.swift; sourceTree = "<group>"; };
		6380384A29133831008F2157 /* WardrobeCardView.swift */ = {isa = PBXFileReference; lastKnownFileType = sourcecode.swift; path = WardrobeCardView.swift; sourceTree = "<group>"; };
		6380384C2913436D008F2157 /* OutfitCardView.swift */ = {isa = PBXFileReference; lastKnownFileType = sourcecode.swift; path = OutfitCardView.swift; sourceTree = "<group>"; };
		638AF4F329158060007EC47D /* ImagePicker.swift */ = {isa = PBXFileReference; lastKnownFileType = sourcecode.swift; path = ImagePicker.swift; sourceTree = "<group>"; };
		638AF4F529158450007EC47D /* Info.plist */ = {isa = PBXFileReference; lastKnownFileType = text.plist; path = Info.plist; sourceTree = "<group>"; };
		638AF4F629158762007EC47D /* ActionSheet+Modifier.swift */ = {isa = PBXFileReference; lastKnownFileType = sourcecode.swift; path = "ActionSheet+Modifier.swift"; sourceTree = "<group>"; };
		63A26FFF29141C8B0023F366 /* CameraService.swift */ = {isa = PBXFileReference; lastKnownFileType = sourcecode.swift; path = CameraService.swift; sourceTree = "<group>"; };
		63A2700129141D540023F366 /* CameraView.swift */ = {isa = PBXFileReference; lastKnownFileType = sourcecode.swift; path = CameraView.swift; sourceTree = "<group>"; };
		63A2700329141DC40023F366 /* CustomCameraView.swift */ = {isa = PBXFileReference; lastKnownFileType = sourcecode.swift; path = CustomCameraView.swift; sourceTree = "<group>"; };
		63C8C86E28F25954009D30B1 /* closet-color-id.app */ = {isa = PBXFileReference; explicitFileType = wrapper.application; includeInIndex = 0; path = "closet-color-id.app"; sourceTree = BUILT_PRODUCTS_DIR; };
		63C8C87128F25954009D30B1 /* closet_color_idApp.swift */ = {isa = PBXFileReference; lastKnownFileType = sourcecode.swift; path = closet_color_idApp.swift; sourceTree = "<group>"; };
		63C8C87328F25954009D30B1 /* ContentView.swift */ = {isa = PBXFileReference; lastKnownFileType = sourcecode.swift; path = ContentView.swift; sourceTree = "<group>"; };
		63C8C87528F25958009D30B1 /* Assets.xcassets */ = {isa = PBXFileReference; lastKnownFileType = folder.assetcatalog; path = Assets.xcassets; sourceTree = "<group>"; };
		63C8C87828F25958009D30B1 /* Preview Assets.xcassets */ = {isa = PBXFileReference; lastKnownFileType = folder.assetcatalog; path = "Preview Assets.xcassets"; sourceTree = "<group>"; };
		C5155EC3291B19FF00282036 /* CustomTabBar.swift */ = {isa = PBXFileReference; lastKnownFileType = sourcecode.swift; path = CustomTabBar.swift; sourceTree = "<group>"; };
		E6448088291CA71000293BDE /* shirt 2.png */ = {isa = PBXFileReference; lastKnownFileType = image.png; path = "shirt 2.png"; sourceTree = "<group>"; };
		E6448089291CA71000293BDE /* shirt 3.png */ = {isa = PBXFileReference; lastKnownFileType = image.png; path = "shirt 3.png"; sourceTree = "<group>"; };
		E644808A291CA71000293BDE /* shirt.png */ = {isa = PBXFileReference; lastKnownFileType = image.png; path = shirt.png; sourceTree = "<group>"; };
		E64B53B1291DBAC800A4799E /* PhotoColor.swift */ = {isa = PBXFileReference; lastKnownFileType = sourcecode.swift; path = PhotoColor.swift; sourceTree = "<group>"; };
		E64D62DC29195D9F009A1FA7 /* pusheen.png */ = {isa = PBXFileReference; lastKnownFileType = image.png; path = pusheen.png; sourceTree = "<group>"; };
		E69827D12937B97400E9A748 /* closet-color-idTests.xctest */ = {isa = PBXFileReference; explicitFileType = wrapper.cfbundle; includeInIndex = 0; path = "closet-color-idTests.xctest"; sourceTree = BUILT_PRODUCTS_DIR; };
		E69827D32937B97400E9A748 /* closet_color_idTests.swift */ = {isa = PBXFileReference; lastKnownFileType = sourcecode.swift; path = closet_color_idTests.swift; sourceTree = "<group>"; };
		E69827DE2937BAA300E9A748 /* ViewModelTests.swift */ = {isa = PBXFileReference; lastKnownFileType = sourcecode.swift; path = ViewModelTests.swift; sourceTree = "<group>"; };
		E69827E029392BE300E9A748 /* TestCoreDataStack.swift */ = {isa = PBXFileReference; lastKnownFileType = sourcecode.swift; path = TestCoreDataStack.swift; sourceTree = "<group>"; };
		E6A25C3A291B0B1A0080834B /* UnsavedArticleView.swift */ = {isa = PBXFileReference; lastKnownFileType = sourcecode.swift; path = UnsavedArticleView.swift; sourceTree = "<group>"; };
		E6A25C3C291B2EA10080834B /* StyleName.swift */ = {isa = PBXFileReference; lastKnownFileType = sourcecode.swift; path = StyleName.swift; sourceTree = "<group>"; };
		E6A25C3E291B32AC0080834B /* TagCategoryView.swift */ = {isa = PBXFileReference; lastKnownFileType = sourcecode.swift; path = TagCategoryView.swift; sourceTree = "<group>"; };
		E6A25C40291B33A30080834B /* TagSubcategoryView.swift */ = {isa = PBXFileReference; lastKnownFileType = sourcecode.swift; path = TagSubcategoryView.swift; sourceTree = "<group>"; };
		E6A25C42291B34870080834B /* TagStyleView.swift */ = {isa = PBXFileReference; lastKnownFileType = sourcecode.swift; path = TagStyleView.swift; sourceTree = "<group>"; };
		E6A25C44291C90500080834B /* TheColorApiCalls.swift */ = {isa = PBXFileReference; lastKnownFileType = sourcecode.swift; path = TheColorApiCalls.swift; sourceTree = "<group>"; };
		E6B5ECF52918147A00AB7C39 /* ViewModel.swift */ = {isa = PBXFileReference; lastKnownFileType = sourcecode.swift; path = ViewModel.swift; sourceTree = "<group>"; };
		E6C9A4672920490D0018D137 /* jeans.png */ = {isa = PBXFileReference; lastKnownFileType = image.png; path = jeans.png; sourceTree = "<group>"; };
		E6C9A469292049860018D137 /* converse.png */ = {isa = PBXFileReference; lastKnownFileType = image.png; path = converse.png; sourceTree = "<group>"; };
		E6D7FFDC291322ED00BF24CA /* closet-color-id.xcdatamodel */ = {isa = PBXFileReference; lastKnownFileType = wrapper.xcdatamodel; path = "closet-color-id.xcdatamodel"; sourceTree = "<group>"; };
		E6D7FFDE29132F2500BF24CA /* AppDelegate.swift */ = {isa = PBXFileReference; lastKnownFileType = sourcecode.swift; path = AppDelegate.swift; sourceTree = "<group>"; };
		E6D7FFE02913304300BF24CA /* SceneDelegate.swift */ = {isa = PBXFileReference; lastKnownFileType = sourcecode.swift; path = SceneDelegate.swift; sourceTree = "<group>"; };
		E6D7FFE6291411D000BF24CA /* AnyGestureRecognizer.swift */ = {isa = PBXFileReference; lastKnownFileType = sourcecode.swift; path = AnyGestureRecognizer.swift; sourceTree = "<group>"; };
		E6E854462919D6DD000A4805 /* Persistence.swift */ = {isa = PBXFileReference; lastKnownFileType = sourcecode.swift; path = Persistence.swift; sourceTree = "<group>"; };
		E6E8544B2919DF6B000A4805 /* DataPopulation.swift */ = {isa = PBXFileReference; lastKnownFileType = sourcecode.swift; path = DataPopulation.swift; sourceTree = "<group>"; };
/* End PBXFileReference section */

/* Begin PBXFrameworksBuildPhase section */
		63C8C86B28F25954009D30B1 /* Frameworks */ = {
			isa = PBXFrameworksBuildPhase;
			buildActionMask = 2147483647;
			files = (
				637C859B291B5E10001075B9 /* Alamofire in Frameworks */,
			);
			runOnlyForDeploymentPostprocessing = 0;
		};
		E69827CE2937B97400E9A748 /* Frameworks */ = {
			isa = PBXFrameworksBuildPhase;
			buildActionMask = 2147483647;
			files = (
			);
			runOnlyForDeploymentPostprocessing = 0;
		};
/* End PBXFrameworksBuildPhase section */

/* Begin PBXGroup section */
		63108EA829129FAD00808888 /* Models */ = {
			isa = PBXGroup;
			children = (
				638038362912DFCA008F2157 /* CategoryName.swift */,
				6380383A2912FD58008F2157 /* SubcategoryName.swift */,
				E6A25C3C291B2EA10080834B /* StyleName.swift */,
				E64B53B1291DBAC800A4799E /* PhotoColor.swift */,
			);
			path = Models;
			sourceTree = "<group>";
		};
		63108EA929129FB800808888 /* Views */ = {
			isa = PBXGroup;
			children = (
				63C8C87328F25954009D30B1 /* ContentView.swift */,
				63108EAB2912A03100808888 /* ArticleView.swift */,
				63108EAD2912A04000808888 /* WardrobeView.swift */,
				63108EAF2912A04F00808888 /* OutfitsView.swift */,
				63108EB12912A06100808888 /* OutfitView.swift */,
				63108EB32912A07400808888 /* ImageCaptureView.swift */,
				E6B5ECF52918147A00AB7C39 /* ViewModel.swift */,
				6380384A29133831008F2157 /* WardrobeCardView.swift */,
				6380384C2913436D008F2157 /* OutfitCardView.swift */,
				63A2700129141D540023F366 /* CameraView.swift */,
				63A2700329141DC40023F366 /* CustomCameraView.swift */,
				C5155EC3291B19FF00282036 /* CustomTabBar.swift */,
				E6A25C3A291B0B1A0080834B /* UnsavedArticleView.swift */,
				E6A25C3E291B32AC0080834B /* TagCategoryView.swift */,
				E6A25C40291B33A30080834B /* TagSubcategoryView.swift */,
				E6A25C42291B34870080834B /* TagStyleView.swift */,
			);
			path = Views;
			sourceTree = "<group>";
		};
		63A26FFC291419B20023F366 /* Camera */ = {
			isa = PBXGroup;
			children = (
				63A26FFF29141C8B0023F366 /* CameraService.swift */,
				638AF4F329158060007EC47D /* ImagePicker.swift */,
				638AF4F629158762007EC47D /* ActionSheet+Modifier.swift */,
			);
			path = Camera;
			sourceTree = "<group>";
		};
		63C8C86528F25954009D30B1 = {
			isa = PBXGroup;
			children = (
				63C8C87028F25954009D30B1 /* closet-color-id */,
				E69827D22937B97400E9A748 /* closet-color-idTests */,
				63C8C86F28F25954009D30B1 /* Products */,
			);
			sourceTree = "<group>";
		};
		63C8C86F28F25954009D30B1 /* Products */ = {
			isa = PBXGroup;
			children = (
				63C8C86E28F25954009D30B1 /* closet-color-id.app */,
				E69827D12937B97400E9A748 /* closet-color-idTests.xctest */,
			);
			name = Products;
			sourceTree = "<group>";
		};
		63C8C87028F25954009D30B1 /* closet-color-id */ = {
			isa = PBXGroup;
			children = (
				E6C9A4672920490D0018D137 /* jeans.png */,
				E6C9A469292049860018D137 /* converse.png */,
				E6E8544A2919DF58000A4805 /* DataPopulation */,
				638AF4F529158450007EC47D /* Info.plist */,
				63A26FFC291419B20023F366 /* Camera */,
				E6D7FFDB291322ED00BF24CA /* closet-color-id.xcdatamodeld */,
				E6D7FFE52914116A00BF24CA /* Delegates */,
				E6D7FFE22914111800BF24CA /* ViewModel */,
				63108EA929129FB800808888 /* Views */,
				63108EA829129FAD00808888 /* Models */,
				63C8C87128F25954009D30B1 /* closet_color_idApp.swift */,
				63C8C87528F25958009D30B1 /* Assets.xcassets */,
				E6448088291CA71000293BDE /* shirt 2.png */,
				E6448089291CA71000293BDE /* shirt 3.png */,
				E644808A291CA71000293BDE /* shirt.png */,
				E64D62DC29195D9F009A1FA7 /* pusheen.png */,
				63C8C87728F25958009D30B1 /* Preview Content */,
				63108EBC2912A82500808888 /* ImaggaRouter.swift */,
				E6E854462919D6DD000A4805 /* Persistence.swift */,
				6344FF04291B572300C75BE5 /* ImaggaCalls.swift */,
				E6A25C44291C90500080834B /* TheColorApiCalls.swift */,
			);
			path = "closet-color-id";
			sourceTree = "<group>";
		};
		63C8C87728F25958009D30B1 /* Preview Content */ = {
			isa = PBXGroup;
			children = (
				63C8C87828F25958009D30B1 /* Preview Assets.xcassets */,
			);
			path = "Preview Content";
			sourceTree = "<group>";
		};
		E69827D22937B97400E9A748 /* closet-color-idTests */ = {
			isa = PBXGroup;
			children = (
				E69827D32937B97400E9A748 /* closet_color_idTests.swift */,
				E69827DE2937BAA300E9A748 /* ViewModelTests.swift */,
				E69827E029392BE300E9A748 /* TestCoreDataStack.swift */,
			);
			path = "closet-color-idTests";
			sourceTree = "<group>";
		};
		E6D7FFE22914111800BF24CA /* ViewModel */ = {
			isa = PBXGroup;
			children = (
			);
			path = ViewModel;
			sourceTree = "<group>";
		};
		E6D7FFE52914116A00BF24CA /* Delegates */ = {
			isa = PBXGroup;
			children = (
				E6D7FFE02913304300BF24CA /* SceneDelegate.swift */,
				E6D7FFE6291411D000BF24CA /* AnyGestureRecognizer.swift */,
				E6D7FFDE29132F2500BF24CA /* AppDelegate.swift */,
			);
			path = Delegates;
			sourceTree = "<group>";
		};
		E6E8544A2919DF58000A4805 /* DataPopulation */ = {
			isa = PBXGroup;
			children = (
				E6E8544B2919DF6B000A4805 /* DataPopulation.swift */,
			);
			path = DataPopulation;
			sourceTree = "<group>";
		};
/* End PBXGroup section */

/* Begin PBXNativeTarget section */
		63C8C86D28F25954009D30B1 /* closet-color-id */ = {
			isa = PBXNativeTarget;
			buildConfigurationList = 63C8C87C28F25958009D30B1 /* Build configuration list for PBXNativeTarget "closet-color-id" */;
			buildPhases = (
				63C8C86A28F25954009D30B1 /* Sources */,
				63C8C86B28F25954009D30B1 /* Frameworks */,
				63C8C86C28F25954009D30B1 /* Resources */,
			);
			buildRules = (
			);
			dependencies = (
			);
			name = "closet-color-id";
			packageProductDependencies = (
				637C859A291B5E10001075B9 /* Alamofire */,
			);
			productName = "closet-color-id";
			productReference = 63C8C86E28F25954009D30B1 /* closet-color-id.app */;
			productType = "com.apple.product-type.application";
		};
		E69827D02937B97400E9A748 /* closet-color-idTests */ = {
			isa = PBXNativeTarget;
			buildConfigurationList = E69827D92937B97400E9A748 /* Build configuration list for PBXNativeTarget "closet-color-idTests" */;
			buildPhases = (
				E69827CD2937B97400E9A748 /* Sources */,
				E69827CE2937B97400E9A748 /* Frameworks */,
				E69827CF2937B97400E9A748 /* Resources */,
			);
			buildRules = (
			);
			dependencies = (
				E69827D62937B97400E9A748 /* PBXTargetDependency */,
			);
			name = "closet-color-idTests";
			productName = "closet-color-idTests";
			productReference = E69827D12937B97400E9A748 /* closet-color-idTests.xctest */;
			productType = "com.apple.product-type.bundle.unit-test";
		};
/* End PBXNativeTarget section */

/* Begin PBXProject section */
		63C8C86628F25954009D30B1 /* Project object */ = {
			isa = PBXProject;
			attributes = {
				BuildIndependentTargetsInParallel = 1;
				LastSwiftUpdateCheck = 1410;
				LastUpgradeCheck = 1400;
				TargetAttributes = {
					63C8C86D28F25954009D30B1 = {
						CreatedOnToolsVersion = 14.0.1;
					};
					E69827D02937B97400E9A748 = {
						CreatedOnToolsVersion = 14.1;
						TestTargetID = 63C8C86D28F25954009D30B1;
					};
				};
			};
			buildConfigurationList = 63C8C86928F25954009D30B1 /* Build configuration list for PBXProject "closet-color-id" */;
			compatibilityVersion = "Xcode 14.0";
			developmentRegion = en;
			hasScannedForEncodings = 0;
			knownRegions = (
				en,
				Base,
			);
			mainGroup = 63C8C86528F25954009D30B1;
			packageReferences = (
				637C8599291B5E10001075B9 /* XCRemoteSwiftPackageReference "Alamofire" */,
			);
			productRefGroup = 63C8C86F28F25954009D30B1 /* Products */;
			projectDirPath = "";
			projectRoot = "";
			targets = (
				63C8C86D28F25954009D30B1 /* closet-color-id */,
				E69827D02937B97400E9A748 /* closet-color-idTests */,
			);
		};
/* End PBXProject section */

/* Begin PBXResourcesBuildPhase section */
		63C8C86C28F25954009D30B1 /* Resources */ = {
			isa = PBXResourcesBuildPhase;
			buildActionMask = 2147483647;
			files = (
				E64D62DD29195D9F009A1FA7 /* pusheen.png in Resources */,
				63C8C87928F25958009D30B1 /* Preview Assets.xcassets in Resources */,
				E644808C291CA71000293BDE /* shirt 3.png in Resources */,
				E644808B291CA71000293BDE /* shirt 2.png in Resources */,
				E6C9A46A292049860018D137 /* converse.png in Resources */,
				E6C9A4682920490D0018D137 /* jeans.png in Resources */,
				E644808D291CA71000293BDE /* shirt.png in Resources */,
				63C8C87628F25958009D30B1 /* Assets.xcassets in Resources */,
			);
			runOnlyForDeploymentPostprocessing = 0;
		};
		E69827CF2937B97400E9A748 /* Resources */ = {
			isa = PBXResourcesBuildPhase;
			buildActionMask = 2147483647;
			files = (
			);
			runOnlyForDeploymentPostprocessing = 0;
		};
/* End PBXResourcesBuildPhase section */

/* Begin PBXSourcesBuildPhase section */
		63C8C86A28F25954009D30B1 /* Sources */ = {
			isa = PBXSourcesBuildPhase;
			buildActionMask = 2147483647;
			files = (
				E6D7FFDF29132F2500BF24CA /* AppDelegate.swift in Sources */,
				63C8C87428F25954009D30B1 /* ContentView.swift in Sources */,
				63108EB42912A07400808888 /* ImageCaptureView.swift in Sources */,
				6344FF05291B572300C75BE5 /* ImaggaCalls.swift in Sources */,
				63108EAC2912A03100808888 /* ArticleView.swift in Sources */,
				E6B5ECF62918147A00AB7C39 /* ViewModel.swift in Sources */,
				63A2700429141DC40023F366 /* CustomCameraView.swift in Sources */,
				63108EAE2912A04000808888 /* WardrobeView.swift in Sources */,
				6380384D2913436D008F2157 /* OutfitCardView.swift in Sources */,
				E6A25C3F291B32AC0080834B /* TagCategoryView.swift in Sources */,
				638038372912DFCA008F2157 /* CategoryName.swift in Sources */,
				E6A25C41291B33A30080834B /* TagSubcategoryView.swift in Sources */,
				63A2700229141D540023F366 /* CameraView.swift in Sources */,
				E6E8544C2919DF6B000A4805 /* DataPopulation.swift in Sources */,
				E6A25C45291C90500080834B /* TheColorApiCalls.swift in Sources */,
				638AF4F429158060007EC47D /* ImagePicker.swift in Sources */,
				6380384B29133831008F2157 /* WardrobeCardView.swift in Sources */,
				E6A25C3B291B0B1A0080834B /* UnsavedArticleView.swift in Sources */,
				63108EBD2912A82500808888 /* ImaggaRouter.swift in Sources */,
				63A2700029141C8B0023F366 /* CameraService.swift in Sources */,
				C5155EC4291B19FF00282036 /* CustomTabBar.swift in Sources */,
				E6E854472919D6DD000A4805 /* Persistence.swift in Sources */,
				E6D7FFDD291322ED00BF24CA /* closet-color-id.xcdatamodeld in Sources */,
				E6D7FFE7291411D000BF24CA /* AnyGestureRecognizer.swift in Sources */,
				638AF4F729158762007EC47D /* ActionSheet+Modifier.swift in Sources */,
				E6D7FFE12913304300BF24CA /* SceneDelegate.swift in Sources */,
				6380383B2912FD59008F2157 /* SubcategoryName.swift in Sources */,
				E6A25C43291B34870080834B /* TagStyleView.swift in Sources */,
				63C8C87228F25954009D30B1 /* closet_color_idApp.swift in Sources */,
				E64B53B2291DBAC800A4799E /* PhotoColor.swift in Sources */,
				E6A25C3D291B2EA20080834B /* StyleName.swift in Sources */,
				63108EB02912A04F00808888 /* OutfitsView.swift in Sources */,
				63108EB22912A06100808888 /* OutfitView.swift in Sources */,
			);
			runOnlyForDeploymentPostprocessing = 0;
		};
		E69827CD2937B97400E9A748 /* Sources */ = {
			isa = PBXSourcesBuildPhase;
			buildActionMask = 2147483647;
			files = (
				E69827DF2937BAA400E9A748 /* ViewModelTests.swift in Sources */,
				E69827D42937B97400E9A748 /* closet_color_idTests.swift in Sources */,
				E69827E129392BE300E9A748 /* TestCoreDataStack.swift in Sources */,
			);
			runOnlyForDeploymentPostprocessing = 0;
		};
/* End PBXSourcesBuildPhase section */

/* Begin PBXTargetDependency section */
		E69827D62937B97400E9A748 /* PBXTargetDependency */ = {
			isa = PBXTargetDependency;
			target = 63C8C86D28F25954009D30B1 /* closet-color-id */;
			targetProxy = E69827D52937B97400E9A748 /* PBXContainerItemProxy */;
		};
/* End PBXTargetDependency section */

/* Begin XCBuildConfiguration section */
		63C8C87A28F25958009D30B1 /* Debug */ = {
			isa = XCBuildConfiguration;
			buildSettings = {
				ALWAYS_SEARCH_USER_PATHS = NO;
				CLANG_ANALYZER_NONNULL = YES;
				CLANG_ANALYZER_NUMBER_OBJECT_CONVERSION = YES_AGGRESSIVE;
				CLANG_CXX_LANGUAGE_STANDARD = "gnu++20";
				CLANG_ENABLE_MODULES = YES;
				CLANG_ENABLE_OBJC_ARC = YES;
				CLANG_ENABLE_OBJC_WEAK = YES;
				CLANG_WARN_BLOCK_CAPTURE_AUTORELEASING = YES;
				CLANG_WARN_BOOL_CONVERSION = YES;
				CLANG_WARN_COMMA = YES;
				CLANG_WARN_CONSTANT_CONVERSION = YES;
				CLANG_WARN_DEPRECATED_OBJC_IMPLEMENTATIONS = YES;
				CLANG_WARN_DIRECT_OBJC_ISA_USAGE = YES_ERROR;
				CLANG_WARN_DOCUMENTATION_COMMENTS = YES;
				CLANG_WARN_EMPTY_BODY = YES;
				CLANG_WARN_ENUM_CONVERSION = YES;
				CLANG_WARN_INFINITE_RECURSION = YES;
				CLANG_WARN_INT_CONVERSION = YES;
				CLANG_WARN_NON_LITERAL_NULL_CONVERSION = YES;
				CLANG_WARN_OBJC_IMPLICIT_RETAIN_SELF = YES;
				CLANG_WARN_OBJC_LITERAL_CONVERSION = YES;
				CLANG_WARN_OBJC_ROOT_CLASS = YES_ERROR;
				CLANG_WARN_QUOTED_INCLUDE_IN_FRAMEWORK_HEADER = YES;
				CLANG_WARN_RANGE_LOOP_ANALYSIS = YES;
				CLANG_WARN_STRICT_PROTOTYPES = YES;
				CLANG_WARN_SUSPICIOUS_MOVE = YES;
				CLANG_WARN_UNGUARDED_AVAILABILITY = YES_AGGRESSIVE;
				CLANG_WARN_UNREACHABLE_CODE = YES;
				CLANG_WARN__DUPLICATE_METHOD_MATCH = YES;
				COPY_PHASE_STRIP = NO;
				DEBUG_INFORMATION_FORMAT = dwarf;
				ENABLE_STRICT_OBJC_MSGSEND = YES;
				ENABLE_TESTABILITY = YES;
				GCC_C_LANGUAGE_STANDARD = gnu11;
				GCC_DYNAMIC_NO_PIC = NO;
				GCC_NO_COMMON_BLOCKS = YES;
				GCC_OPTIMIZATION_LEVEL = 0;
				GCC_PREPROCESSOR_DEFINITIONS = (
					"DEBUG=1",
					"$(inherited)",
				);
				GCC_WARN_64_TO_32_BIT_CONVERSION = YES;
				GCC_WARN_ABOUT_RETURN_TYPE = YES_ERROR;
				GCC_WARN_UNDECLARED_SELECTOR = YES;
				GCC_WARN_UNINITIALIZED_AUTOS = YES_AGGRESSIVE;
				GCC_WARN_UNUSED_FUNCTION = YES;
				GCC_WARN_UNUSED_VARIABLE = YES;
				IPHONEOS_DEPLOYMENT_TARGET = 16.0;
				MTL_ENABLE_DEBUG_INFO = INCLUDE_SOURCE;
				MTL_FAST_MATH = YES;
				ONLY_ACTIVE_ARCH = YES;
				SDKROOT = iphoneos;
				SWIFT_ACTIVE_COMPILATION_CONDITIONS = DEBUG;
				SWIFT_OPTIMIZATION_LEVEL = "-Onone";
			};
			name = Debug;
		};
		63C8C87B28F25958009D30B1 /* Release */ = {
			isa = XCBuildConfiguration;
			buildSettings = {
				ALWAYS_SEARCH_USER_PATHS = NO;
				CLANG_ANALYZER_NONNULL = YES;
				CLANG_ANALYZER_NUMBER_OBJECT_CONVERSION = YES_AGGRESSIVE;
				CLANG_CXX_LANGUAGE_STANDARD = "gnu++20";
				CLANG_ENABLE_MODULES = YES;
				CLANG_ENABLE_OBJC_ARC = YES;
				CLANG_ENABLE_OBJC_WEAK = YES;
				CLANG_WARN_BLOCK_CAPTURE_AUTORELEASING = YES;
				CLANG_WARN_BOOL_CONVERSION = YES;
				CLANG_WARN_COMMA = YES;
				CLANG_WARN_CONSTANT_CONVERSION = YES;
				CLANG_WARN_DEPRECATED_OBJC_IMPLEMENTATIONS = YES;
				CLANG_WARN_DIRECT_OBJC_ISA_USAGE = YES_ERROR;
				CLANG_WARN_DOCUMENTATION_COMMENTS = YES;
				CLANG_WARN_EMPTY_BODY = YES;
				CLANG_WARN_ENUM_CONVERSION = YES;
				CLANG_WARN_INFINITE_RECURSION = YES;
				CLANG_WARN_INT_CONVERSION = YES;
				CLANG_WARN_NON_LITERAL_NULL_CONVERSION = YES;
				CLANG_WARN_OBJC_IMPLICIT_RETAIN_SELF = YES;
				CLANG_WARN_OBJC_LITERAL_CONVERSION = YES;
				CLANG_WARN_OBJC_ROOT_CLASS = YES_ERROR;
				CLANG_WARN_QUOTED_INCLUDE_IN_FRAMEWORK_HEADER = YES;
				CLANG_WARN_RANGE_LOOP_ANALYSIS = YES;
				CLANG_WARN_STRICT_PROTOTYPES = YES;
				CLANG_WARN_SUSPICIOUS_MOVE = YES;
				CLANG_WARN_UNGUARDED_AVAILABILITY = YES_AGGRESSIVE;
				CLANG_WARN_UNREACHABLE_CODE = YES;
				CLANG_WARN__DUPLICATE_METHOD_MATCH = YES;
				COPY_PHASE_STRIP = NO;
				DEBUG_INFORMATION_FORMAT = "dwarf-with-dsym";
				ENABLE_NS_ASSERTIONS = NO;
				ENABLE_STRICT_OBJC_MSGSEND = YES;
				GCC_C_LANGUAGE_STANDARD = gnu11;
				GCC_NO_COMMON_BLOCKS = YES;
				GCC_WARN_64_TO_32_BIT_CONVERSION = YES;
				GCC_WARN_ABOUT_RETURN_TYPE = YES_ERROR;
				GCC_WARN_UNDECLARED_SELECTOR = YES;
				GCC_WARN_UNINITIALIZED_AUTOS = YES_AGGRESSIVE;
				GCC_WARN_UNUSED_FUNCTION = YES;
				GCC_WARN_UNUSED_VARIABLE = YES;
				IPHONEOS_DEPLOYMENT_TARGET = 16.0;
				MTL_ENABLE_DEBUG_INFO = NO;
				MTL_FAST_MATH = YES;
				SDKROOT = iphoneos;
				SWIFT_COMPILATION_MODE = wholemodule;
				SWIFT_OPTIMIZATION_LEVEL = "-O";
				VALIDATE_PRODUCT = YES;
			};
			name = Release;
		};
		63C8C87D28F25958009D30B1 /* Debug */ = {
			isa = XCBuildConfiguration;
			buildSettings = {
				ASSETCATALOG_COMPILER_APPICON_NAME = AppIcon;
				ASSETCATALOG_COMPILER_GLOBAL_ACCENT_COLOR_NAME = AccentColor;
				CODE_SIGN_IDENTITY = "Apple Development";
				CODE_SIGN_STYLE = Automatic;
				CURRENT_PROJECT_VERSION = 1;
				DEVELOPMENT_ASSET_PATHS = "\"closet-color-id/Preview Content\"";
				DEVELOPMENT_TEAM = 268947WGKQ;
				ENABLE_PREVIEWS = YES;
				GENERATE_INFOPLIST_FILE = YES;
				INFOPLIST_FILE = "closet-color-id/Info.plist";
				INFOPLIST_KEY_NSCameraUsageDescription = "Let Closet acces Camera";
				INFOPLIST_KEY_NSPhotoLibraryUsageDescription = "Let Closet access photos";
				INFOPLIST_KEY_UIApplicationSceneManifest_Generation = YES;
				INFOPLIST_KEY_UIApplicationSupportsIndirectInputEvents = YES;
				INFOPLIST_KEY_UILaunchScreen_Generation = YES;
				INFOPLIST_KEY_UISupportedInterfaceOrientations_iPad = "UIInterfaceOrientationPortrait UIInterfaceOrientationPortraitUpsideDown UIInterfaceOrientationLandscapeLeft UIInterfaceOrientationLandscapeRight";
				INFOPLIST_KEY_UISupportedInterfaceOrientations_iPhone = "UIInterfaceOrientationPortrait UIInterfaceOrientationLandscapeLeft UIInterfaceOrientationLandscapeRight";
				IPHONEOS_DEPLOYMENT_TARGET = 16.0;
				LD_RUNPATH_SEARCH_PATHS = (
					"$(inherited)",
					"@executable_path/Frameworks",
				);
				MARKETING_VERSION = 1.0;
				PRODUCT_BUNDLE_IDENTIFIER = "allisonxunc.closet-color-id";
				PRODUCT_NAME = "$(TARGET_NAME)";
				PROVISIONING_PROFILE_SPECIFIER = "";
				SWIFT_EMIT_LOC_STRINGS = YES;
				SWIFT_VERSION = 5.0;
				TARGETED_DEVICE_FAMILY = "1,2";
			};
			name = Debug;
		};
		63C8C87E28F25958009D30B1 /* Release */ = {
			isa = XCBuildConfiguration;
			buildSettings = {
				ASSETCATALOG_COMPILER_APPICON_NAME = AppIcon;
				ASSETCATALOG_COMPILER_GLOBAL_ACCENT_COLOR_NAME = AccentColor;
				CODE_SIGN_IDENTITY = "Apple Development";
				CODE_SIGN_STYLE = Automatic;
				CURRENT_PROJECT_VERSION = 1;
				DEVELOPMENT_ASSET_PATHS = "\"closet-color-id/Preview Content\"";
				DEVELOPMENT_TEAM = 268947WGKQ;
				ENABLE_PREVIEWS = YES;
				GENERATE_INFOPLIST_FILE = YES;
				INFOPLIST_FILE = "closet-color-id/Info.plist";
				INFOPLIST_KEY_NSCameraUsageDescription = "Let Closet acces Camera";
				INFOPLIST_KEY_NSPhotoLibraryUsageDescription = "Let Closet access photos";
				INFOPLIST_KEY_UIApplicationSceneManifest_Generation = YES;
				INFOPLIST_KEY_UIApplicationSupportsIndirectInputEvents = YES;
				INFOPLIST_KEY_UILaunchScreen_Generation = YES;
				INFOPLIST_KEY_UISupportedInterfaceOrientations_iPad = "UIInterfaceOrientationPortrait UIInterfaceOrientationPortraitUpsideDown UIInterfaceOrientationLandscapeLeft UIInterfaceOrientationLandscapeRight";
				INFOPLIST_KEY_UISupportedInterfaceOrientations_iPhone = "UIInterfaceOrientationPortrait UIInterfaceOrientationLandscapeLeft UIInterfaceOrientationLandscapeRight";
				IPHONEOS_DEPLOYMENT_TARGET = 16.0;
				LD_RUNPATH_SEARCH_PATHS = (
					"$(inherited)",
					"@executable_path/Frameworks",
				);
				MARKETING_VERSION = 1.0;
				PRODUCT_BUNDLE_IDENTIFIER = "allisonxunc.closet-color-id";
				PRODUCT_NAME = "$(TARGET_NAME)";
				PROVISIONING_PROFILE_SPECIFIER = "";
				SWIFT_EMIT_LOC_STRINGS = YES;
				SWIFT_VERSION = 5.0;
				TARGETED_DEVICE_FAMILY = "1,2";
			};
			name = Release;
		};
		E69827D72937B97400E9A748 /* Debug */ = {
			isa = XCBuildConfiguration;
			buildSettings = {
				BUNDLE_LOADER = "$(TEST_HOST)";
				CODE_SIGN_STYLE = Automatic;
				CURRENT_PROJECT_VERSION = 1;
				GENERATE_INFOPLIST_FILE = YES;
				IPHONEOS_DEPLOYMENT_TARGET = 16.1;
				MARKETING_VERSION = 1.0;
				PRODUCT_BUNDLE_IDENTIFIER = "cmu.closet-color-idTests";
				PRODUCT_NAME = "$(TARGET_NAME)";
				SWIFT_EMIT_LOC_STRINGS = NO;
				SWIFT_VERSION = 5.0;
				TARGETED_DEVICE_FAMILY = "1,2";
				TEST_HOST = "$(BUILT_PRODUCTS_DIR)/closet-color-id.app/$(BUNDLE_EXECUTABLE_FOLDER_PATH)/closet-color-id";
			};
			name = Debug;
		};
		E69827D82937B97400E9A748 /* Release */ = {
			isa = XCBuildConfiguration;
			buildSettings = {
				BUNDLE_LOADER = "$(TEST_HOST)";
				CODE_SIGN_STYLE = Automatic;
				CURRENT_PROJECT_VERSION = 1;
				GENERATE_INFOPLIST_FILE = YES;
				IPHONEOS_DEPLOYMENT_TARGET = 16.1;
				MARKETING_VERSION = 1.0;
				PRODUCT_BUNDLE_IDENTIFIER = "cmu.closet-color-idTests";
				PRODUCT_NAME = "$(TARGET_NAME)";
				SWIFT_EMIT_LOC_STRINGS = NO;
				SWIFT_VERSION = 5.0;
				TARGETED_DEVICE_FAMILY = "1,2";
				TEST_HOST = "$(BUILT_PRODUCTS_DIR)/closet-color-id.app/$(BUNDLE_EXECUTABLE_FOLDER_PATH)/closet-color-id";
			};
			name = Release;
		};
/* End XCBuildConfiguration section */

/* Begin XCConfigurationList section */
		63C8C86928F25954009D30B1 /* Build configuration list for PBXProject "closet-color-id" */ = {
			isa = XCConfigurationList;
			buildConfigurations = (
				63C8C87A28F25958009D30B1 /* Debug */,
				63C8C87B28F25958009D30B1 /* Release */,
			);
			defaultConfigurationIsVisible = 0;
			defaultConfigurationName = Release;
		};
		63C8C87C28F25958009D30B1 /* Build configuration list for PBXNativeTarget "closet-color-id" */ = {
			isa = XCConfigurationList;
			buildConfigurations = (
				63C8C87D28F25958009D30B1 /* Debug */,
				63C8C87E28F25958009D30B1 /* Release */,
			);
			defaultConfigurationIsVisible = 0;
			defaultConfigurationName = Release;
		};
		E69827D92937B97400E9A748 /* Build configuration list for PBXNativeTarget "closet-color-idTests" */ = {
			isa = XCConfigurationList;
			buildConfigurations = (
				E69827D72937B97400E9A748 /* Debug */,
				E69827D82937B97400E9A748 /* Release */,
			);
			defaultConfigurationIsVisible = 0;
			defaultConfigurationName = Release;
		};
/* End XCConfigurationList section */

/* Begin XCRemoteSwiftPackageReference section */
		637C8599291B5E10001075B9 /* XCRemoteSwiftPackageReference "Alamofire" */ = {
			isa = XCRemoteSwiftPackageReference;
			repositoryURL = "https://github.com/Alamofire/Alamofire.git";
			requirement = {
				kind = upToNextMajorVersion;
				minimumVersion = 5.0.0;
			};
		};
/* End XCRemoteSwiftPackageReference section */

/* Begin XCSwiftPackageProductDependency section */
		637C859A291B5E10001075B9 /* Alamofire */ = {
			isa = XCSwiftPackageProductDependency;
			package = 637C8599291B5E10001075B9 /* XCRemoteSwiftPackageReference "Alamofire" */;
			productName = Alamofire;
		};
/* End XCSwiftPackageProductDependency section */

/* Begin XCVersionGroup section */
		E6D7FFDB291322ED00BF24CA /* closet-color-id.xcdatamodeld */ = {
			isa = XCVersionGroup;
			children = (
				E6D7FFDC291322ED00BF24CA /* closet-color-id.xcdatamodel */,
			);
			currentVersion = E6D7FFDC291322ED00BF24CA /* closet-color-id.xcdatamodel */;
			path = "closet-color-id.xcdatamodeld";
			sourceTree = SOURCE_ROOT;
			versionGroupType = wrapper.xcdatamodel;
		};
/* End XCVersionGroup section */
	};
	rootObject = 63C8C86628F25954009D30B1 /* Project object */;
}
