// !$*UTF8*$!
{
	archiveVersion = 1;
	classes = {
	};
	objectVersion = 56;
	objects = {

/* Begin PBXBuildFile section */
		63108EAC2912A03100808888 /* ArticleView.swift in Sources */ = {isa = PBXBuildFile; fileRef = 63108EAB2912A03100808888 /* ArticleView.swift */; };
		63108EAE2912A04000808888 /* WardrobeView.swift in Sources */ = {isa = PBXBuildFile; fileRef = 63108EAD2912A04000808888 /* WardrobeView.swift */; };
		63108EB02912A04F00808888 /* OutfitsView.swift in Sources */ = {isa = PBXBuildFile; fileRef = 63108EAF2912A04F00808888 /* OutfitsView.swift */; };
		63108EB22912A06100808888 /* OutfitView.swift in Sources */ = {isa = PBXBuildFile; fileRef = 63108EB12912A06100808888 /* OutfitView.swift */; };
		63108EB42912A07400808888 /* ImageCaptureView.swift in Sources */ = {isa = PBXBuildFile; fileRef = 63108EB32912A07400808888 /* ImageCaptureView.swift */; };
		63108EB62912A21B00808888 /* Article.swift in Sources */ = {isa = PBXBuildFile; fileRef = 63108EB52912A21B00808888 /* Article.swift */; };
		63108EB82912A22400808888 /* Outfit.swift in Sources */ = {isa = PBXBuildFile; fileRef = 63108EB72912A22400808888 /* Outfit.swift */; };
		63108EBB2912A7CB00808888 /* Alamofire in Frameworks */ = {isa = PBXBuildFile; productRef = 63108EBA2912A7CB00808888 /* Alamofire */; };
		63108EBD2912A82500808888 /* ImaggaRouter.swift in Sources */ = {isa = PBXBuildFile; fileRef = 63108EBC2912A82500808888 /* ImaggaRouter.swift */; };
		63108EBF2912A90900808888 /* PhotoColor.swift in Sources */ = {isa = PBXBuildFile; fileRef = 63108EBE2912A90900808888 /* PhotoColor.swift */; };
		63108EC72912B69100808888 /* ViewController.swift in Sources */ = {isa = PBXBuildFile; fileRef = 63108EC62912B69100808888 /* ViewController.swift */; };
		63108EC92912D19300808888 /* Category.swift in Sources */ = {isa = PBXBuildFile; fileRef = 63108EC82912D19300808888 /* Category.swift */; };
		63108ECB2912D2D000808888 /* CategoryArticle.swift in Sources */ = {isa = PBXBuildFile; fileRef = 63108ECA2912D2D000808888 /* CategoryArticle.swift */; };
		638038372912DFCA008F2157 /* CategoryName.swift in Sources */ = {isa = PBXBuildFile; fileRef = 638038362912DFCA008F2157 /* CategoryName.swift */; };
		638038392912E26C008F2157 /* Subcategory.swift in Sources */ = {isa = PBXBuildFile; fileRef = 638038382912E26C008F2157 /* Subcategory.swift */; };
		6380383B2912FD59008F2157 /* SubcategoryName.swift in Sources */ = {isa = PBXBuildFile; fileRef = 6380383A2912FD58008F2157 /* SubcategoryName.swift */; };
		6380383D2913093A008F2157 /* Style.swift in Sources */ = {isa = PBXBuildFile; fileRef = 6380383C2913093A008F2157 /* Style.swift */; };
		6380383F29130982008F2157 /* ArticleStyle.swift in Sources */ = {isa = PBXBuildFile; fileRef = 6380383E29130982008F2157 /* ArticleStyle.swift */; };
		6380384129130A10008F2157 /* SubcategoryArticle.swift in Sources */ = {isa = PBXBuildFile; fileRef = 6380384029130A0F008F2157 /* SubcategoryArticle.swift */; };
		6380384329130AC6008F2157 /* ArticleOutfit.swift in Sources */ = {isa = PBXBuildFile; fileRef = 6380384229130AC6008F2157 /* ArticleOutfit.swift */; };
		6380384529130BA4008F2157 /* StyleOutfit.swift in Sources */ = {isa = PBXBuildFile; fileRef = 6380384429130BA4008F2157 /* StyleOutfit.swift */; };
		63C8C87228F25954009D30B1 /* closet_color_idApp.swift in Sources */ = {isa = PBXBuildFile; fileRef = 63C8C87128F25954009D30B1 /* closet_color_idApp.swift */; };
		63C8C87428F25954009D30B1 /* ContentView.swift in Sources */ = {isa = PBXBuildFile; fileRef = 63C8C87328F25954009D30B1 /* ContentView.swift */; };
		63C8C87628F25958009D30B1 /* Assets.xcassets in Resources */ = {isa = PBXBuildFile; fileRef = 63C8C87528F25958009D30B1 /* Assets.xcassets */; };
		63C8C87928F25958009D30B1 /* Preview Assets.xcassets in Resources */ = {isa = PBXBuildFile; fileRef = 63C8C87828F25958009D30B1 /* Preview Assets.xcassets */; };
/* End PBXBuildFile section */

/* Begin PBXFileReference section */
		63108EAB2912A03100808888 /* ArticleView.swift */ = {isa = PBXFileReference; lastKnownFileType = sourcecode.swift; path = ArticleView.swift; sourceTree = "<group>"; };
		63108EAD2912A04000808888 /* WardrobeView.swift */ = {isa = PBXFileReference; lastKnownFileType = sourcecode.swift; path = WardrobeView.swift; sourceTree = "<group>"; };
		63108EAF2912A04F00808888 /* OutfitsView.swift */ = {isa = PBXFileReference; lastKnownFileType = sourcecode.swift; path = OutfitsView.swift; sourceTree = "<group>"; };
		63108EB12912A06100808888 /* OutfitView.swift */ = {isa = PBXFileReference; lastKnownFileType = sourcecode.swift; path = OutfitView.swift; sourceTree = "<group>"; };
		63108EB32912A07400808888 /* ImageCaptureView.swift */ = {isa = PBXFileReference; lastKnownFileType = sourcecode.swift; path = ImageCaptureView.swift; sourceTree = "<group>"; };
		63108EB52912A21B00808888 /* Article.swift */ = {isa = PBXFileReference; lastKnownFileType = sourcecode.swift; path = Article.swift; sourceTree = "<group>"; };
		63108EB72912A22400808888 /* Outfit.swift */ = {isa = PBXFileReference; lastKnownFileType = sourcecode.swift; path = Outfit.swift; sourceTree = "<group>"; };
		63108EBC2912A82500808888 /* ImaggaRouter.swift */ = {isa = PBXFileReference; lastKnownFileType = sourcecode.swift; path = ImaggaRouter.swift; sourceTree = "<group>"; };
		63108EBE2912A90900808888 /* PhotoColor.swift */ = {isa = PBXFileReference; lastKnownFileType = sourcecode.swift; path = PhotoColor.swift; sourceTree = "<group>"; };
		63108EC62912B69100808888 /* ViewController.swift */ = {isa = PBXFileReference; lastKnownFileType = sourcecode.swift; path = ViewController.swift; sourceTree = "<group>"; };
		63108EC82912D19300808888 /* Category.swift */ = {isa = PBXFileReference; lastKnownFileType = sourcecode.swift; path = Category.swift; sourceTree = "<group>"; };
		63108ECA2912D2D000808888 /* CategoryArticle.swift */ = {isa = PBXFileReference; lastKnownFileType = sourcecode.swift; path = CategoryArticle.swift; sourceTree = "<group>"; };
		638038362912DFCA008F2157 /* CategoryName.swift */ = {isa = PBXFileReference; lastKnownFileType = sourcecode.swift; path = CategoryName.swift; sourceTree = "<group>"; };
		638038382912E26C008F2157 /* Subcategory.swift */ = {isa = PBXFileReference; lastKnownFileType = sourcecode.swift; path = Subcategory.swift; sourceTree = "<group>"; };
		6380383A2912FD58008F2157 /* SubcategoryName.swift */ = {isa = PBXFileReference; lastKnownFileType = sourcecode.swift; path = SubcategoryName.swift; sourceTree = "<group>"; };
		6380383C2913093A008F2157 /* Style.swift */ = {isa = PBXFileReference; lastKnownFileType = sourcecode.swift; path = Style.swift; sourceTree = "<group>"; };
		6380383E29130982008F2157 /* ArticleStyle.swift */ = {isa = PBXFileReference; lastKnownFileType = sourcecode.swift; path = ArticleStyle.swift; sourceTree = "<group>"; };
		6380384029130A0F008F2157 /* SubcategoryArticle.swift */ = {isa = PBXFileReference; lastKnownFileType = sourcecode.swift; path = SubcategoryArticle.swift; sourceTree = "<group>"; };
		6380384229130AC6008F2157 /* ArticleOutfit.swift */ = {isa = PBXFileReference; lastKnownFileType = sourcecode.swift; path = ArticleOutfit.swift; sourceTree = "<group>"; };
		6380384429130BA4008F2157 /* StyleOutfit.swift */ = {isa = PBXFileReference; lastKnownFileType = sourcecode.swift; path = StyleOutfit.swift; sourceTree = "<group>"; };
		63C8C86E28F25954009D30B1 /* closet-color-id.app */ = {isa = PBXFileReference; explicitFileType = wrapper.application; includeInIndex = 0; path = "closet-color-id.app"; sourceTree = BUILT_PRODUCTS_DIR; };
		63C8C87128F25954009D30B1 /* closet_color_idApp.swift */ = {isa = PBXFileReference; lastKnownFileType = sourcecode.swift; path = closet_color_idApp.swift; sourceTree = "<group>"; };
		63C8C87328F25954009D30B1 /* ContentView.swift */ = {isa = PBXFileReference; lastKnownFileType = sourcecode.swift; path = ContentView.swift; sourceTree = "<group>"; };
		63C8C87528F25958009D30B1 /* Assets.xcassets */ = {isa = PBXFileReference; lastKnownFileType = folder.assetcatalog; path = Assets.xcassets; sourceTree = "<group>"; };
		63C8C87828F25958009D30B1 /* Preview Assets.xcassets */ = {isa = PBXFileReference; lastKnownFileType = folder.assetcatalog; path = "Preview Assets.xcassets"; sourceTree = "<group>"; };
/* End PBXFileReference section */

/* Begin PBXFrameworksBuildPhase section */
		63C8C86B28F25954009D30B1 /* Frameworks */ = {
			isa = PBXFrameworksBuildPhase;
			buildActionMask = 2147483647;
			files = (
				63108EBB2912A7CB00808888 /* Alamofire in Frameworks */,
			);
			runOnlyForDeploymentPostprocessing = 0;
		};
/* End PBXFrameworksBuildPhase section */

/* Begin PBXGroup section */
		63108EA829129FAD00808888 /* Models */ = {
			isa = PBXGroup;
			children = (
				63108EB52912A21B00808888 /* Article.swift */,
				63108EB72912A22400808888 /* Outfit.swift */,
				63108EBE2912A90900808888 /* PhotoColor.swift */,
				63108EC82912D19300808888 /* Category.swift */,
				63108ECA2912D2D000808888 /* CategoryArticle.swift */,
				638038362912DFCA008F2157 /* CategoryName.swift */,
				638038382912E26C008F2157 /* Subcategory.swift */,
				6380383A2912FD58008F2157 /* SubcategoryName.swift */,
				6380383C2913093A008F2157 /* Style.swift */,
				6380383E29130982008F2157 /* ArticleStyle.swift */,
				6380384029130A0F008F2157 /* SubcategoryArticle.swift */,
				6380384229130AC6008F2157 /* ArticleOutfit.swift */,
				6380384429130BA4008F2157 /* StyleOutfit.swift */,
			);
			path = Models;
			sourceTree = "<group>";
		};
		63108EA929129FB800808888 /* Views */ = {
			isa = PBXGroup;
			children = (
				63C8C87328F25954009D30B1 /* ContentView.swift */,
				63108EAB2912A03100808888 /* ArticleView.swift */,
				63108EAD2912A04000808888 /* WardrobeView.swift */,
				63108EAF2912A04F00808888 /* OutfitsView.swift */,
				63108EB12912A06100808888 /* OutfitView.swift */,
				63108EB32912A07400808888 /* ImageCaptureView.swift */,
			);
			path = Views;
			sourceTree = "<group>";
		};
		63108EAA29129FBF00808888 /* ViewControllers */ = {
			isa = PBXGroup;
			children = (
				63108EC62912B69100808888 /* ViewController.swift */,
			);
			path = ViewControllers;
			sourceTree = "<group>";
		};
		63C8C86528F25954009D30B1 = {
			isa = PBXGroup;
			children = (
				63C8C87028F25954009D30B1 /* closet-color-id */,
				63C8C86F28F25954009D30B1 /* Products */,
			);
			sourceTree = "<group>";
		};
		63C8C86F28F25954009D30B1 /* Products */ = {
			isa = PBXGroup;
			children = (
				63C8C86E28F25954009D30B1 /* closet-color-id.app */,
			);
			name = Products;
			sourceTree = "<group>";
		};
		63C8C87028F25954009D30B1 /* closet-color-id */ = {
			isa = PBXGroup;
			children = (
				63108EAA29129FBF00808888 /* ViewControllers */,
				63108EA929129FB800808888 /* Views */,
				63108EA829129FAD00808888 /* Models */,
				63C8C87128F25954009D30B1 /* closet_color_idApp.swift */,
				63C8C87528F25958009D30B1 /* Assets.xcassets */,
				63C8C87728F25958009D30B1 /* Preview Content */,
				63108EBC2912A82500808888 /* ImaggaRouter.swift */,
			);
			path = "closet-color-id";
			sourceTree = "<group>";
		};
		63C8C87728F25958009D30B1 /* Preview Content */ = {
			isa = PBXGroup;
			children = (
				63C8C87828F25958009D30B1 /* Preview Assets.xcassets */,
			);
			path = "Preview Content";
			sourceTree = "<group>";
		};
/* End PBXGroup section */

/* Begin PBXNativeTarget section */
		63C8C86D28F25954009D30B1 /* closet-color-id */ = {
			isa = PBXNativeTarget;
			buildConfigurationList = 63C8C87C28F25958009D30B1 /* Build configuration list for PBXNativeTarget "closet-color-id" */;
			buildPhases = (
				63C8C86A28F25954009D30B1 /* Sources */,
				63C8C86B28F25954009D30B1 /* Frameworks */,
				63C8C86C28F25954009D30B1 /* Resources */,
			);
			buildRules = (
			);
			dependencies = (
			);
			name = "closet-color-id";
			packageProductDependencies = (
				63108EBA2912A7CB00808888 /* Alamofire */,
			);
			productName = "closet-color-id";
			productReference = 63C8C86E28F25954009D30B1 /* closet-color-id.app */;
			productType = "com.apple.product-type.application";
		};
/* End PBXNativeTarget section */

/* Begin PBXProject section */
		63C8C86628F25954009D30B1 /* Project object */ = {
			isa = PBXProject;
			attributes = {
				BuildIndependentTargetsInParallel = 1;
				LastSwiftUpdateCheck = 1400;
				LastUpgradeCheck = 1400;
				TargetAttributes = {
					63C8C86D28F25954009D30B1 = {
						CreatedOnToolsVersion = 14.0.1;
					};
				};
			};
			buildConfigurationList = 63C8C86928F25954009D30B1 /* Build configuration list for PBXProject "closet-color-id" */;
			compatibilityVersion = "Xcode 14.0";
			developmentRegion = en;
			hasScannedForEncodings = 0;
			knownRegions = (
				en,
				Base,
			);
			mainGroup = 63C8C86528F25954009D30B1;
			packageReferences = (
				63108EB92912A7CB00808888 /* XCRemoteSwiftPackageReference "Alamofire" */,
			);
			productRefGroup = 63C8C86F28F25954009D30B1 /* Products */;
			projectDirPath = "";
			projectRoot = "";
			targets = (
				63C8C86D28F25954009D30B1 /* closet-color-id */,
			);
		};
/* End PBXProject section */

/* Begin PBXResourcesBuildPhase section */
		63C8C86C28F25954009D30B1 /* Resources */ = {
			isa = PBXResourcesBuildPhase;
			buildActionMask = 2147483647;
			files = (
				63C8C87928F25958009D30B1 /* Preview Assets.xcassets in Resources */,
				63C8C87628F25958009D30B1 /* Assets.xcassets in Resources */,
			);
			runOnlyForDeploymentPostprocessing = 0;
		};
/* End PBXResourcesBuildPhase section */

/* Begin PBXSourcesBuildPhase section */
		63C8C86A28F25954009D30B1 /* Sources */ = {
			isa = PBXSourcesBuildPhase;
			buildActionMask = 2147483647;
			files = (
				63C8C87428F25954009D30B1 /* ContentView.swift in Sources */,
				6380383F29130982008F2157 /* ArticleStyle.swift in Sources */,
				63108EB42912A07400808888 /* ImageCaptureView.swift in Sources */,
				6380384129130A10008F2157 /* SubcategoryArticle.swift in Sources */,
				63108EAC2912A03100808888 /* ArticleView.swift in Sources */,
				63108EAE2912A04000808888 /* WardrobeView.swift in Sources */,
				638038392912E26C008F2157 /* Subcategory.swift in Sources */,
				63108EB62912A21B00808888 /* Article.swift in Sources */,
				6380384529130BA4008F2157 /* StyleOutfit.swift in Sources */,
				638038372912DFCA008F2157 /* CategoryName.swift in Sources */,
				6380383D2913093A008F2157 /* Style.swift in Sources */,
				63108EBF2912A90900808888 /* PhotoColor.swift in Sources */,
				63108EB82912A22400808888 /* Outfit.swift in Sources */,
				63108EC72912B69100808888 /* ViewController.swift in Sources */,
				63108ECB2912D2D000808888 /* CategoryArticle.swift in Sources */,
				63108EBD2912A82500808888 /* ImaggaRouter.swift in Sources */,
				6380384329130AC6008F2157 /* ArticleOutfit.swift in Sources */,
				63108EC92912D19300808888 /* Category.swift in Sources */,
				6380383B2912FD59008F2157 /* SubcategoryName.swift in Sources */,
				63C8C87228F25954009D30B1 /* closet_color_idApp.swift in Sources */,
				63108EB02912A04F00808888 /* OutfitsView.swift in Sources */,
				63108EB22912A06100808888 /* OutfitView.swift in Sources */,
			);
			runOnlyForDeploymentPostprocessing = 0;
		};
/* End PBXSourcesBuildPhase section */

/* Begin XCBuildConfiguration section */
		63C8C87A28F25958009D30B1 /* Debug */ = {
			isa = XCBuildConfiguration;
			buildSettings = {
				ALWAYS_SEARCH_USER_PATHS = NO;
				CLANG_ANALYZER_NONNULL = YES;
				CLANG_ANALYZER_NUMBER_OBJECT_CONVERSION = YES_AGGRESSIVE;
				CLANG_CXX_LANGUAGE_STANDARD = "gnu++20";
				CLANG_ENABLE_MODULES = YES;
				CLANG_ENABLE_OBJC_ARC = YES;
				CLANG_ENABLE_OBJC_WEAK = YES;
				CLANG_WARN_BLOCK_CAPTURE_AUTORELEASING = YES;
				CLANG_WARN_BOOL_CONVERSION = YES;
				CLANG_WARN_COMMA = YES;
				CLANG_WARN_CONSTANT_CONVERSION = YES;
				CLANG_WARN_DEPRECATED_OBJC_IMPLEMENTATIONS = YES;
				CLANG_WARN_DIRECT_OBJC_ISA_USAGE = YES_ERROR;
				CLANG_WARN_DOCUMENTATION_COMMENTS = YES;
				CLANG_WARN_EMPTY_BODY = YES;
				CLANG_WARN_ENUM_CONVERSION = YES;
				CLANG_WARN_INFINITE_RECURSION = YES;
				CLANG_WARN_INT_CONVERSION = YES;
				CLANG_WARN_NON_LITERAL_NULL_CONVERSION = YES;
				CLANG_WARN_OBJC_IMPLICIT_RETAIN_SELF = YES;
				CLANG_WARN_OBJC_LITERAL_CONVERSION = YES;
				CLANG_WARN_OBJC_ROOT_CLASS = YES_ERROR;
				CLANG_WARN_QUOTED_INCLUDE_IN_FRAMEWORK_HEADER = YES;
				CLANG_WARN_RANGE_LOOP_ANALYSIS = YES;
				CLANG_WARN_STRICT_PROTOTYPES = YES;
				CLANG_WARN_SUSPICIOUS_MOVE = YES;
				CLANG_WARN_UNGUARDED_AVAILABILITY = YES_AGGRESSIVE;
				CLANG_WARN_UNREACHABLE_CODE = YES;
				CLANG_WARN__DUPLICATE_METHOD_MATCH = YES;
				COPY_PHASE_STRIP = NO;
				DEBUG_INFORMATION_FORMAT = dwarf;
				ENABLE_STRICT_OBJC_MSGSEND = YES;
				ENABLE_TESTABILITY = YES;
				GCC_C_LANGUAGE_STANDARD = gnu11;
				GCC_DYNAMIC_NO_PIC = NO;
				GCC_NO_COMMON_BLOCKS = YES;
				GCC_OPTIMIZATION_LEVEL = 0;
				GCC_PREPROCESSOR_DEFINITIONS = (
					"DEBUG=1",
					"$(inherited)",
				);
				GCC_WARN_64_TO_32_BIT_CONVERSION = YES;
				GCC_WARN_ABOUT_RETURN_TYPE = YES_ERROR;
				GCC_WARN_UNDECLARED_SELECTOR = YES;
				GCC_WARN_UNINITIALIZED_AUTOS = YES_AGGRESSIVE;
				GCC_WARN_UNUSED_FUNCTION = YES;
				GCC_WARN_UNUSED_VARIABLE = YES;
				IPHONEOS_DEPLOYMENT_TARGET = 16.0;
				MTL_ENABLE_DEBUG_INFO = INCLUDE_SOURCE;
				MTL_FAST_MATH = YES;
				ONLY_ACTIVE_ARCH = YES;
				SDKROOT = iphoneos;
				SWIFT_ACTIVE_COMPILATION_CONDITIONS = DEBUG;
				SWIFT_OPTIMIZATION_LEVEL = "-Onone";
			};
			name = Debug;
		};
		63C8C87B28F25958009D30B1 /* Release */ = {
			isa = XCBuildConfiguration;
			buildSettings = {
				ALWAYS_SEARCH_USER_PATHS = NO;
				CLANG_ANALYZER_NONNULL = YES;
				CLANG_ANALYZER_NUMBER_OBJECT_CONVERSION = YES_AGGRESSIVE;
				CLANG_CXX_LANGUAGE_STANDARD = "gnu++20";
				CLANG_ENABLE_MODULES = YES;
				CLANG_ENABLE_OBJC_ARC = YES;
				CLANG_ENABLE_OBJC_WEAK = YES;
				CLANG_WARN_BLOCK_CAPTURE_AUTORELEASING = YES;
				CLANG_WARN_BOOL_CONVERSION = YES;
				CLANG_WARN_COMMA = YES;
				CLANG_WARN_CONSTANT_CONVERSION = YES;
				CLANG_WARN_DEPRECATED_OBJC_IMPLEMENTATIONS = YES;
				CLANG_WARN_DIRECT_OBJC_ISA_USAGE = YES_ERROR;
				CLANG_WARN_DOCUMENTATION_COMMENTS = YES;
				CLANG_WARN_EMPTY_BODY = YES;
				CLANG_WARN_ENUM_CONVERSION = YES;
				CLANG_WARN_INFINITE_RECURSION = YES;
				CLANG_WARN_INT_CONVERSION = YES;
				CLANG_WARN_NON_LITERAL_NULL_CONVERSION = YES;
				CLANG_WARN_OBJC_IMPLICIT_RETAIN_SELF = YES;
				CLANG_WARN_OBJC_LITERAL_CONVERSION = YES;
				CLANG_WARN_OBJC_ROOT_CLASS = YES_ERROR;
				CLANG_WARN_QUOTED_INCLUDE_IN_FRAMEWORK_HEADER = YES;
				CLANG_WARN_RANGE_LOOP_ANALYSIS = YES;
				CLANG_WARN_STRICT_PROTOTYPES = YES;
				CLANG_WARN_SUSPICIOUS_MOVE = YES;
				CLANG_WARN_UNGUARDED_AVAILABILITY = YES_AGGRESSIVE;
				CLANG_WARN_UNREACHABLE_CODE = YES;
				CLANG_WARN__DUPLICATE_METHOD_MATCH = YES;
				COPY_PHASE_STRIP = NO;
				DEBUG_INFORMATION_FORMAT = "dwarf-with-dsym";
				ENABLE_NS_ASSERTIONS = NO;
				ENABLE_STRICT_OBJC_MSGSEND = YES;
				GCC_C_LANGUAGE_STANDARD = gnu11;
				GCC_NO_COMMON_BLOCKS = YES;
				GCC_WARN_64_TO_32_BIT_CONVERSION = YES;
				GCC_WARN_ABOUT_RETURN_TYPE = YES_ERROR;
				GCC_WARN_UNDECLARED_SELECTOR = YES;
				GCC_WARN_UNINITIALIZED_AUTOS = YES_AGGRESSIVE;
				GCC_WARN_UNUSED_FUNCTION = YES;
				GCC_WARN_UNUSED_VARIABLE = YES;
				IPHONEOS_DEPLOYMENT_TARGET = 16.0;
				MTL_ENABLE_DEBUG_INFO = NO;
				MTL_FAST_MATH = YES;
				SDKROOT = iphoneos;
				SWIFT_COMPILATION_MODE = wholemodule;
				SWIFT_OPTIMIZATION_LEVEL = "-O";
				VALIDATE_PRODUCT = YES;
			};
			name = Release;
		};
		63C8C87D28F25958009D30B1 /* Debug */ = {
			isa = XCBuildConfiguration;
			buildSettings = {
				ASSETCATALOG_COMPILER_APPICON_NAME = AppIcon;
				ASSETCATALOG_COMPILER_GLOBAL_ACCENT_COLOR_NAME = AccentColor;
				CODE_SIGN_STYLE = Automatic;
				CURRENT_PROJECT_VERSION = 1;
				DEVELOPMENT_ASSET_PATHS = "\"closet-color-id/Preview Content\"";
				ENABLE_PREVIEWS = YES;
				GENERATE_INFOPLIST_FILE = YES;
				INFOPLIST_KEY_UIApplicationSceneManifest_Generation = YES;
				INFOPLIST_KEY_UIApplicationSupportsIndirectInputEvents = YES;
				INFOPLIST_KEY_UILaunchScreen_Generation = YES;
				INFOPLIST_KEY_UISupportedInterfaceOrientations_iPad = "UIInterfaceOrientationPortrait UIInterfaceOrientationPortraitUpsideDown UIInterfaceOrientationLandscapeLeft UIInterfaceOrientationLandscapeRight";
				INFOPLIST_KEY_UISupportedInterfaceOrientations_iPhone = "UIInterfaceOrientationPortrait UIInterfaceOrientationLandscapeLeft UIInterfaceOrientationLandscapeRight";
				LD_RUNPATH_SEARCH_PATHS = (
					"$(inherited)",
					"@executable_path/Frameworks",
				);
				MARKETING_VERSION = 1.0;
				PRODUCT_BUNDLE_IDENTIFIER = "wbchin.closet-color-id";
				PRODUCT_NAME = "$(TARGET_NAME)";
				SWIFT_EMIT_LOC_STRINGS = YES;
				SWIFT_VERSION = 5.0;
				TARGETED_DEVICE_FAMILY = "1,2";
			};
			name = Debug;
		};
		63C8C87E28F25958009D30B1 /* Release */ = {
			isa = XCBuildConfiguration;
			buildSettings = {
				ASSETCATALOG_COMPILER_APPICON_NAME = AppIcon;
				ASSETCATALOG_COMPILER_GLOBAL_ACCENT_COLOR_NAME = AccentColor;
				CODE_SIGN_STYLE = Automatic;
				CURRENT_PROJECT_VERSION = 1;
				DEVELOPMENT_ASSET_PATHS = "\"closet-color-id/Preview Content\"";
				ENABLE_PREVIEWS = YES;
				GENERATE_INFOPLIST_FILE = YES;
				INFOPLIST_KEY_UIApplicationSceneManifest_Generation = YES;
				INFOPLIST_KEY_UIApplicationSupportsIndirectInputEvents = YES;
				INFOPLIST_KEY_UILaunchScreen_Generation = YES;
				INFOPLIST_KEY_UISupportedInterfaceOrientations_iPad = "UIInterfaceOrientationPortrait UIInterfaceOrientationPortraitUpsideDown UIInterfaceOrientationLandscapeLeft UIInterfaceOrientationLandscapeRight";
				INFOPLIST_KEY_UISupportedInterfaceOrientations_iPhone = "UIInterfaceOrientationPortrait UIInterfaceOrientationLandscapeLeft UIInterfaceOrientationLandscapeRight";
				LD_RUNPATH_SEARCH_PATHS = (
					"$(inherited)",
					"@executable_path/Frameworks",
				);
				MARKETING_VERSION = 1.0;
				PRODUCT_BUNDLE_IDENTIFIER = "wbchin.closet-color-id";
				PRODUCT_NAME = "$(TARGET_NAME)";
				SWIFT_EMIT_LOC_STRINGS = YES;
				SWIFT_VERSION = 5.0;
				TARGETED_DEVICE_FAMILY = "1,2";
			};
			name = Release;
		};
/* End XCBuildConfiguration section */

/* Begin XCConfigurationList section */
		63C8C86928F25954009D30B1 /* Build configuration list for PBXProject "closet-color-id" */ = {
			isa = XCConfigurationList;
			buildConfigurations = (
				63C8C87A28F25958009D30B1 /* Debug */,
				63C8C87B28F25958009D30B1 /* Release */,
			);
			defaultConfigurationIsVisible = 0;
			defaultConfigurationName = Release;
		};
		63C8C87C28F25958009D30B1 /* Build configuration list for PBXNativeTarget "closet-color-id" */ = {
			isa = XCConfigurationList;
			buildConfigurations = (
				63C8C87D28F25958009D30B1 /* Debug */,
				63C8C87E28F25958009D30B1 /* Release */,
			);
			defaultConfigurationIsVisible = 0;
			defaultConfigurationName = Release;
		};
/* End XCConfigurationList section */

/* Begin XCRemoteSwiftPackageReference section */
		63108EB92912A7CB00808888 /* XCRemoteSwiftPackageReference "Alamofire" */ = {
			isa = XCRemoteSwiftPackageReference;
			repositoryURL = "https://github.com/Alamofire/Alamofire.git";
			requirement = {
				kind = upToNextMajorVersion;
				minimumVersion = 5.0.0;
			};
		};
/* End XCRemoteSwiftPackageReference section */

/* Begin XCSwiftPackageProductDependency section */
		63108EBA2912A7CB00808888 /* Alamofire */ = {
			isa = XCSwiftPackageProductDependency;
			package = 63108EB92912A7CB00808888 /* XCRemoteSwiftPackageReference "Alamofire" */;
			productName = Alamofire;
		};
/* End XCSwiftPackageProductDependency section */
	};
	rootObject = 63C8C86628F25954009D30B1 /* Project object */;
}
